version = 1
revision = 3
requires-python = ">=3.11"

[[package]]
name = "simpy"
version = "4.1.1"
source = { registry = "https://pypi.org/simple" }
sdist = { url = "https://files.pythonhosted.org/packages/a8/66/860505ec021a16f9d8cf4b8c4d60ee07bb427649b643312303698c93b551/simpy-4.1.1.tar.gz", hash = "sha256:06d0750a7884b11e0e8e20ce0bc7c6d4ed5f1743d456695340d13fdff95001a6", size = 408997, upload-time = "2023-11-13T03:39:04.909Z" }
wheels = [
    { url = "https://files.pythonhosted.org/packages/48/72/920ed1224c94a8a5a69e6c1275ac7fe4eb911ba8feffddf469f1629d47f3/simpy-4.1.1-py3-none-any.whl", hash = "sha256:7c5ae380240fd2238671160e4830956f8055830a8317edf5c05e495b3823cd88", size = 27224, upload-time = "2023-11-13T03:39:03.362Z" },
]

[[package]]
name = "simulation-project"
version = "0.1.0"
source = { virtual = "." }
dependencies = [
    { name = "simpy" },
]

[package.metadata]
requires-dist = [{ name = "simpy", specifier = ">=4.1.1" }]
